header:
    version: 14
overrides:
    repos:
        poky:
            commit: 853f8bfbb85af4437e35983ca7ab91d111bb9b75
        meta-openembedded:
            commit: 4d60ca97ec2f0a7a22ac35a97f716544b54fbe39
        bitbake:
            commit: d9700632bd6b627d1124fdc83ddf7bfb4199228d
        openembedded-core:
            commit: 74ba238ff1ba1e9b612aece1989b828f3a8f8770
        meta-yocto:
            commit: 2486ce2889062500e39446bc07c7d21120a0345e
        meta-sca:
            commit: 6ca808298261b4e407c435454cf33f043135b842
        meta-python-ai:
            commit: e92ecad6e1bebc921bf02726592addd0bb8ed44f
        meta-virtualization:
            commit: 30c5d74db7489b5938453bfcd3ef9151704e2bd0
        