header:
    version: 14
overrides:
    repos:
        poky:
            commit: 853f8bfbb85af4437e35983ca7ab91d111bb9b75
        meta-openembedded:
            commit: d302ffa54770d803b5149e5ab24df01c5892aa2e
        bitbake:
            commit: af9dd012e7f4d16dccd1d6118be5da94ede68f85
        openembedded-core:
            commit: 6ce19709f7835ee5cd7915e181f89397975236c8
        meta-yocto:
            commit: de4abc0a175af12eacc761a2e1e60ca7fdfeaa1b
        meta-sca:
            commit: 6ca808298261b4e407c435454cf33f043135b842
        meta-python-ai:
            commit: 28579430064793e73c26ecd0b01e51ddb07355a4
        meta-clang-revival:
            commit: 0c2fcf131346e2abc65ec5f49c5452bf3040870a
        meta-virtualization:
            commit: 28d26fd95397bf575e65fcca0cbb302b1e9bc7ff
        